
Microsoft Visual Studio Solution File, Format Version 12.00
# Visual Studio Version 17
VisualStudioVersion = 17.0.31903.59
MinimumVisualStudioVersion = 10.0.40219.1
Project("{FAE04EC0-301F-11D3-BF4B-00C04F79EFBC}") = "validatedelimiters.Core", "validatedelimiters.Core\validatedelimiters.Core.csproj", "{936986C1-45D0-4C7A-87A7-AC546F3B81DA}"
EndProject
Project("{FAE04EC0-301F-11D3-BF4B-00C04F79EFBC}") = "validatedelimiters.Tests", "validatedelimiters.Tests\validatedelimiters.Tests.csproj", "{20B161B3-6BE3-43C6-AE16-DDBFAEC73F03}"
EndProject
Global
	GlobalSection(SolutionConfigurationPlatforms) = preSolution
		Debug|Any CPU = Debug|Any CPU
		Debug|x64 = Debug|x64
		Debug|x86 = Debug|x86
		Release|Any CPU = Release|Any CPU
		Release|x64 = Release|x64
		Release|x86 = Release|x86
	EndGlobalSection
	GlobalSection(ProjectConfigurationPlatforms) = postSolution
		{936986C1-45D0-4C7A-87A7-AC546F3B81DA}.Debug|Any CPU.ActiveCfg = Debug|Any CPU
		{936986C1-45D0-4C7A-87A7-AC546F3B81DA}.Debug|Any CPU.Build.0 = Debug|Any CPU
		{936986C1-45D0-4C7A-87A7-AC546F3B81DA}.Debug|x64.ActiveCfg = Debug|Any CPU
		{936986C1-45D0-4C7A-87A7-AC546F3B81DA}.Debug|x64.Build.0 = Debug|Any CPU
		{936986C1-45D0-4C7A-87A7-AC546F3B81DA}.Debug|x86.ActiveCfg = Debug|Any CPU
		{936986C1-45D0-4C7A-87A7-AC546F3B81DA}.Debug|x86.Build.0 = Debug|Any CPU
		{936986C1-45D0-4C7A-87A7-AC546F3B81DA}.Release|Any CPU.ActiveCfg = Release|Any CPU
		{936986C1-45D0-4C7A-87A7-AC546F3B81DA}.Release|Any CPU.Build.0 = Release|Any CPU
		{936986C1-45D0-4C7A-87A7-AC546F3B81DA}.Release|x64.ActiveCfg = Release|Any CPU
		{936986C1-45D0-4C7A-87A7-AC546F3B81DA}.Release|x64.Build.0 = Release|Any CPU
		{936986C1-45D0-4C7A-87A7-AC546F3B81DA}.Release|x86.ActiveCfg = Release|Any CPU
		{936986C1-45D0-4C7A-87A7-AC546F3B81DA}.Release|x86.Build.0 = Release|Any CPU
		{20B161B3-6BE3-43C6-AE16-DDBFAEC73F03}.Debug|Any CPU.ActiveCfg = Debug|Any CPU
		{20B161B3-6BE3-43C6-AE16-DDBFAEC73F03}.Debug|Any CPU.Build.0 = Debug|Any CPU
		{20B161B3-6BE3-43C6-AE16-DDBFAEC73F03}.Debug|x64.ActiveCfg = Debug|Any CPU
		{20B161B3-6BE3-43C6-AE16-DDBFAEC73F03}.Debug|x64.Build.0 = Debug|Any CPU
		{20B161B3-6BE3-43C6-AE16-DDBFAEC73F03}.Debug|x86.ActiveCfg = Debug|Any CPU
		{20B161B3-6BE3-43C6-AE16-DDBFAEC73F03}.Debug|x86.Build.0 = Debug|Any CPU
		{20B161B3-6BE3-43C6-AE16-DDBFAEC73F03}.Release|Any CPU.ActiveCfg = Release|Any CPU
		{20B161B3-6BE3-43C6-AE16-DDBFAEC73F03}.Release|Any CPU.Build.0 = Release|Any CPU
		{20B161B3-6BE3-43C6-AE16-DDBFAEC73F03}.Release|x64.ActiveCfg = Release|Any CPU
		{20B161B3-6BE3-43C6-AE16-DDBFAEC73F03}.Release|x64.Build.0 = Release|Any CPU
		{20B161B3-6BE3-43C6-AE16-DDBFAEC73F03}.Release|x86.ActiveCfg = Release|Any CPU
		{20B161B3-6BE3-43C6-AE16-DDBFAEC73F03}.Release|x86.Build.0 = Release|Any CPU
	EndGlobalSection
	GlobalSection(SolutionProperties) = preSolution
		HideSolutionNode = FALSE
	EndGlobalSection
EndGlobal
